hash: 0902c91cf1b4eeac44f970510cd24a4f1e7030eda8c9e1a39d56e02331fc879d
updated: 2016-07-12T18:08:35.980751356Z
imports:
- name: github.com/drhodes/golorem
  version: ecccc744c2d953a1e13cbe5e5fc5d4cbc9b8daeb
- name: github.com/kelseyhightower/envconfig
  version: 91921eb4cf999321cdbeebdba5a03555800d493b
- name: github.com/mreiferson/go-snappystream
  version: 028eae7ab5c4c9e2d1cb4c4ca1e53259bbe7e504
  subpackages:
  - snappy-go
- name: github.com/nsqio/go-nsq
  version: d71fb89c9e0263aaed89645b0b168e11ccf597b1
devImports: []
